{
  "name": "ng2-daterangepicker-dayjs",
  "version": "3.0.1",
  "lockfileVersion": 1,
  "requires": true,
  "dependencies": {
    "daterangepicker-use-dayjs": {
      "version": "3.1.1",
      "resolved": "https://registry.npmjs.org/daterangepicker-use-dayjs/-/daterangepicker-use-dayjs-3.1.1.tgz",
      "integrity": "sha512-cGhGK8TRDUrBY6oFqZHqDzxY+qaKu/PNb7cMaTobgr+A5qQNIIWIvu3EOTHCd2dB0c3JxOJ1wxBDrYlcqvY2rg==",
      "requires": {
        "dayjs": "^1.11.3",
        "jquery": ">=1.10"
      }
    },
    "dayjs": {
      "version": "1.11.3",
      "resolved": "https://registry.npmjs.org/dayjs/-/dayjs-1.11.3.tgz",
      "integrity": "sha512-xxwlswWOlGhzgQ4TKzASQkUhqERI3egRNqgV4ScR8wlANA/A9tZ7miXa44vTTKEq5l7vWoL5G57bG3zA+Kow0A=="
    },
    "jquery": {
      "version": "3.6.0",
      "resolved": "https://registry.npmjs.org/jquery/-/jquery-3.6.0.tgz",
      "integrity": "sha512-JVzAR/AjBvVt2BmYhxRCSYysDsPcssdmTFnzyLEts9qNwmjmu4JTAMYubEfwVOSwpQ1I1sKKFcxhZCI2buerfw=="
    }
  }
}
